// !$*UTF8*$!
{
	archiveVersion = 1;
	classes = {
	};
	objectVersion = 56;
	objects = {

/* Begin PBXBuildFile section */
		011A1CBA2A2F3CB80009781A /* ReviewgregatorApp.swift in Sources */ = {isa = PBXBuildFile; fileRef = 011A1CB92A2F3CB80009781A /* ReviewgregatorApp.swift */; };
		011A1CBC2A2F3CB80009781A /* RestaurantSearchView.swift in Sources */ = {isa = PBXBuildFile; fileRef = 011A1CBB2A2F3CB80009781A /* RestaurantSearchView.swift */; };
		011A1CBE2A2F3CBA0009781A /* Assets.xcassets in Resources */ = {isa = PBXBuildFile; fileRef = 011A1CBD2A2F3CBA0009781A /* Assets.xcassets */; };
		011A1CC12A2F3CBA0009781A /* Preview Assets.xcassets in Resources */ = {isa = PBXBuildFile; fileRef = 011A1CC02A2F3CBA0009781A /* Preview Assets.xcassets */; };
		011A1CCB2A2F3CBA0009781A /* ReviewgregatorTests.swift in Sources */ = {isa = PBXBuildFile; fileRef = 011A1CCA2A2F3CBA0009781A /* ReviewgregatorTests.swift */; };
		011A1CD52A2F3CBA0009781A /* ReviewgregatorUITests.swift in Sources */ = {isa = PBXBuildFile; fileRef = 011A1CD42A2F3CBA0009781A /* ReviewgregatorUITests.swift */; };
		011A1CD72A2F3CBA0009781A /* ReviewgregatorUITestsLaunchTests.swift in Sources */ = {isa = PBXBuildFile; fileRef = 011A1CD62A2F3CBA0009781A /* ReviewgregatorUITestsLaunchTests.swift */; };
		011A1CE42A3044880009781A /* GooglePlacesService.swift in Sources */ = {isa = PBXBuildFile; fileRef = 011A1CE32A3044880009781A /* GooglePlacesService.swift */; };
		011A1CE62A304B0C0009781A /* RestaurantDetailView.swift in Sources */ = {isa = PBXBuildFile; fileRef = 011A1CE52A304B0C0009781A /* RestaurantDetailView.swift */; };
		011A1CE82A304B920009781A /* SearchBar.swift in Sources */ = {isa = PBXBuildFile; fileRef = 011A1CE72A304B920009781A /* SearchBar.swift */; };
		011A1CEA2A304CAF0009781A /* RestaurantRow.swift in Sources */ = {isa = PBXBuildFile; fileRef = 011A1CE92A304CAF0009781A /* RestaurantRow.swift */; };
		011A1CEC2A304D540009781A /* RestaurantSearchViewModel.swift in Sources */ = {isa = PBXBuildFile; fileRef = 011A1CEB2A304D540009781A /* RestaurantSearchViewModel.swift */; };
		011A1CEE2A3220740009781A /* YelpService.swift in Sources */ = {isa = PBXBuildFile; fileRef = 011A1CED2A3220740009781A /* YelpService.swift */; };
		01F2C60E2A37869E0083A68D /* StartScreenView.swift in Sources */ = {isa = PBXBuildFile; fileRef = 01F2C60D2A37869E0083A68D /* StartScreenView.swift */; };
/* End PBXBuildFile section */

/* Begin PBXContainerItemProxy section */
		011A1CC72A2F3CBA0009781A /* PBXContainerItemProxy */ = {
			isa = PBXContainerItemProxy;
			containerPortal = 011A1CAE2A2F3CB80009781A /* Project object */;
			proxyType = 1;
			remoteGlobalIDString = 011A1CB52A2F3CB80009781A;
			remoteInfo = Reviewgregator;
		};
		011A1CD12A2F3CBA0009781A /* PBXContainerItemProxy */ = {
			isa = PBXContainerItemProxy;
			containerPortal = 011A1CAE2A2F3CB80009781A /* Project object */;
			proxyType = 1;
			remoteGlobalIDString = 011A1CB52A2F3CB80009781A;
			remoteInfo = Reviewgregator;
		};
/* End PBXContainerItemProxy section */

/* Begin PBXFileReference section */
		011A1CB62A2F3CB80009781A /* Reviewgregator.app */ = {isa = PBXFileReference; explicitFileType = wrapper.application; includeInIndex = 0; path = Reviewgregator.app; sourceTree = BUILT_PRODUCTS_DIR; };
		011A1CB92A2F3CB80009781A /* ReviewgregatorApp.swift */ = {isa = PBXFileReference; lastKnownFileType = sourcecode.swift; path = ReviewgregatorApp.swift; sourceTree = "<group>"; };
		011A1CBB2A2F3CB80009781A /* RestaurantSearchView.swift */ = {isa = PBXFileReference; lastKnownFileType = sourcecode.swift; path = RestaurantSearchView.swift; sourceTree = "<group>"; };
		011A1CBD2A2F3CBA0009781A /* Assets.xcassets */ = {isa = PBXFileReference; lastKnownFileType = folder.assetcatalog; path = Assets.xcassets; sourceTree = "<group>"; };
		011A1CC02A2F3CBA0009781A /* Preview Assets.xcassets */ = {isa = PBXFileReference; lastKnownFileType = folder.assetcatalog; path = "Preview Assets.xcassets"; sourceTree = "<group>"; };
		011A1CC62A2F3CBA0009781A /* ReviewgregatorTests.xctest */ = {isa = PBXFileReference; explicitFileType = wrapper.cfbundle; includeInIndex = 0; path = ReviewgregatorTests.xctest; sourceTree = BUILT_PRODUCTS_DIR; };
		011A1CCA2A2F3CBA0009781A /* ReviewgregatorTests.swift */ = {isa = PBXFileReference; lastKnownFileType = sourcecode.swift; path = ReviewgregatorTests.swift; sourceTree = "<group>"; };
		011A1CD02A2F3CBA0009781A /* ReviewgregatorUITests.xctest */ = {isa = PBXFileReference; explicitFileType = wrapper.cfbundle; includeInIndex = 0; path = ReviewgregatorUITests.xctest; sourceTree = BUILT_PRODUCTS_DIR; };
		011A1CD42A2F3CBA0009781A /* ReviewgregatorUITests.swift */ = {isa = PBXFileReference; lastKnownFileType = sourcecode.swift; path = ReviewgregatorUITests.swift; sourceTree = "<group>"; };
		011A1CD62A2F3CBA0009781A /* ReviewgregatorUITestsLaunchTests.swift */ = {isa = PBXFileReference; lastKnownFileType = sourcecode.swift; path = ReviewgregatorUITestsLaunchTests.swift; sourceTree = "<group>"; };
		011A1CE32A3044880009781A /* GooglePlacesService.swift */ = {isa = PBXFileReference; lastKnownFileType = sourcecode.swift; path = GooglePlacesService.swift; sourceTree = "<group>"; };
		011A1CE52A304B0C0009781A /* RestaurantDetailView.swift */ = {isa = PBXFileReference; lastKnownFileType = sourcecode.swift; path = RestaurantDetailView.swift; sourceTree = "<group>"; };
		011A1CE72A304B920009781A /* SearchBar.swift */ = {isa = PBXFileReference; lastKnownFileType = sourcecode.swift; path = SearchBar.swift; sourceTree = "<group>"; };
		011A1CE92A304CAF0009781A /* RestaurantRow.swift */ = {isa = PBXFileReference; lastKnownFileType = sourcecode.swift; path = RestaurantRow.swift; sourceTree = "<group>"; };
		011A1CEB2A304D540009781A /* RestaurantSearchViewModel.swift */ = {isa = PBXFileReference; lastKnownFileType = sourcecode.swift; path = RestaurantSearchViewModel.swift; sourceTree = "<group>"; };
		011A1CED2A3220740009781A /* YelpService.swift */ = {isa = PBXFileReference; lastKnownFileType = sourcecode.swift; path = YelpService.swift; sourceTree = "<group>"; };
		01F2C60D2A37869E0083A68D /* StartScreenView.swift */ = {isa = PBXFileReference; lastKnownFileType = sourcecode.swift; path = StartScreenView.swift; sourceTree = "<group>"; };
/* End PBXFileReference section */

/* Begin PBXFrameworksBuildPhase section */
		011A1CB32A2F3CB80009781A /* Frameworks */ = {
			isa = PBXFrameworksBuildPhase;
			buildActionMask = 2147483647;
			files = (
			);
			runOnlyForDeploymentPostprocessing = 0;
		};
		011A1CC32A2F3CBA0009781A /* Frameworks */ = {
			isa = PBXFrameworksBuildPhase;
			buildActionMask = 2147483647;
			files = (
			);
			runOnlyForDeploymentPostprocessing = 0;
		};
		011A1CCD2A2F3CBA0009781A /* Frameworks */ = {
			isa = PBXFrameworksBuildPhase;
			buildActionMask = 2147483647;
			files = (
			);
			runOnlyForDeploymentPostprocessing = 0;
		};
/* End PBXFrameworksBuildPhase section */

/* Begin PBXGroup section */
		011A1CAD2A2F3CB80009781A = {
			isa = PBXGroup;
			children = (
				011A1CB82A2F3CB80009781A /* Reviewgregator */,
				011A1CC92A2F3CBA0009781A /* ReviewgregatorTests */,
				011A1CD32A2F3CBA0009781A /* ReviewgregatorUITests */,
				011A1CB72A2F3CB80009781A /* Products */,
			);
			sourceTree = "<group>";
		};
		011A1CB72A2F3CB80009781A /* Products */ = {
			isa = PBXGroup;
			children = (
				011A1CB62A2F3CB80009781A /* Reviewgregator.app */,
				011A1CC62A2F3CBA0009781A /* ReviewgregatorTests.xctest */,
				011A1CD02A2F3CBA0009781A /* ReviewgregatorUITests.xctest */,
			);
			name = Products;
			sourceTree = "<group>";
		};
		011A1CB82A2F3CB80009781A /* Reviewgregator */ = {
			isa = PBXGroup;
			children = (
				011A1CB92A2F3CB80009781A /* ReviewgregatorApp.swift */,
				01F2C60D2A37869E0083A68D /* StartScreenView.swift */,
				011A1CE72A304B920009781A /* SearchBar.swift */,
				011A1CBB2A2F3CB80009781A /* RestaurantSearchView.swift */,
				011A1CEB2A304D540009781A /* RestaurantSearchViewModel.swift */,
				011A1CE92A304CAF0009781A /* RestaurantRow.swift */,
				011A1CE52A304B0C0009781A /* RestaurantDetailView.swift */,
				011A1CE32A3044880009781A /* GooglePlacesService.swift */,
				011A1CED2A3220740009781A /* YelpService.swift */,
				011A1CBD2A2F3CBA0009781A /* Assets.xcassets */,
				011A1CBF2A2F3CBA0009781A /* Preview Content */,
			);
			path = Reviewgregator;
			sourceTree = "<group>";
		};
		011A1CBF2A2F3CBA0009781A /* Preview Content */ = {
			isa = PBXGroup;
			children = (
				011A1CC02A2F3CBA0009781A /* Preview Assets.xcassets */,
			);
			path = "Preview Content";
			sourceTree = "<group>";
		};
		011A1CC92A2F3CBA0009781A /* ReviewgregatorTests */ = {
			isa = PBXGroup;
			children = (
				011A1CCA2A2F3CBA0009781A /* ReviewgregatorTests.swift */,
			);
			path = ReviewgregatorTests;
			sourceTree = "<group>";
		};
		011A1CD32A2F3CBA0009781A /* ReviewgregatorUITests */ = {
			isa = PBXGroup;
			children = (
				011A1CD42A2F3CBA0009781A /* ReviewgregatorUITests.swift */,
				011A1CD62A2F3CBA0009781A /* ReviewgregatorUITestsLaunchTests.swift */,
			);
			path = ReviewgregatorUITests;
			sourceTree = "<group>";
		};
/* End PBXGroup section */

/* Begin PBXNativeTarget section */
		011A1CB52A2F3CB80009781A /* Reviewgregator */ = {
			isa = PBXNativeTarget;
			buildConfigurationList = 011A1CDA2A2F3CBA0009781A /* Build configuration list for PBXNativeTarget "Reviewgregator" */;
			buildPhases = (
				011A1CB22A2F3CB80009781A /* Sources */,
				011A1CB32A2F3CB80009781A /* Frameworks */,
				011A1CB42A2F3CB80009781A /* Resources */,
			);
			buildRules = (
			);
			dependencies = (
			);
			name = Reviewgregator;
			productName = Reviewgregator;
			productReference = 011A1CB62A2F3CB80009781A /* Reviewgregator.app */;
			productType = "com.apple.product-type.application";
		};
		011A1CC52A2F3CBA0009781A /* ReviewgregatorTests */ = {
			isa = PBXNativeTarget;
			buildConfigurationList = 011A1CDD2A2F3CBA0009781A /* Build configuration list for PBXNativeTarget "ReviewgregatorTests" */;
			buildPhases = (
				011A1CC22A2F3CBA0009781A /* Sources */,
				011A1CC32A2F3CBA0009781A /* Frameworks */,
				011A1CC42A2F3CBA0009781A /* Resources */,
			);
			buildRules = (
			);
			dependencies = (
				011A1CC82A2F3CBA0009781A /* PBXTargetDependency */,
			);
			name = ReviewgregatorTests;
			productName = ReviewgregatorTests;
			productReference = 011A1CC62A2F3CBA0009781A /* ReviewgregatorTests.xctest */;
			productType = "com.apple.product-type.bundle.unit-test";
		};
		011A1CCF2A2F3CBA0009781A /* ReviewgregatorUITests */ = {
			isa = PBXNativeTarget;
			buildConfigurationList = 011A1CE02A2F3CBA0009781A /* Build configuration list for PBXNativeTarget "ReviewgregatorUITests" */;
			buildPhases = (
				011A1CCC2A2F3CBA0009781A /* Sources */,
				011A1CCD2A2F3CBA0009781A /* Frameworks */,
				011A1CCE2A2F3CBA0009781A /* Resources */,
			);
			buildRules = (
			);
			dependencies = (
				011A1CD22A2F3CBA0009781A /* PBXTargetDependency */,
			);
			name = ReviewgregatorUITests;
			productName = ReviewgregatorUITests;
			productReference = 011A1CD02A2F3CBA0009781A /* ReviewgregatorUITests.xctest */;
			productType = "com.apple.product-type.bundle.ui-testing";
		};
/* End PBXNativeTarget section */

/* Begin PBXProject section */
		011A1CAE2A2F3CB80009781A /* Project object */ = {
			isa = PBXProject;
			attributes = {
				BuildIndependentTargetsInParallel = 1;
				LastSwiftUpdateCheck = 1430;
				LastUpgradeCheck = 1430;
				TargetAttributes = {
					011A1CB52A2F3CB80009781A = {
						CreatedOnToolsVersion = 14.3.1;
					};
					011A1CC52A2F3CBA0009781A = {
						CreatedOnToolsVersion = 14.3.1;
						TestTargetID = 011A1CB52A2F3CB80009781A;
					};
					011A1CCF2A2F3CBA0009781A = {
						CreatedOnToolsVersion = 14.3.1;
						TestTargetID = 011A1CB52A2F3CB80009781A;
					};
				};
			};
			buildConfigurationList = 011A1CB12A2F3CB80009781A /* Build configuration list for PBXProject "TESTReviewgregator" */;
			compatibilityVersion = "Xcode 14.0";
			developmentRegion = en;
			hasScannedForEncodings = 0;
			knownRegions = (
				en,
				Base,
			);
			mainGroup = 011A1CAD2A2F3CB80009781A;
			productRefGroup = 011A1CB72A2F3CB80009781A /* Products */;
			projectDirPath = "";
			projectRoot = "";
			targets = (
				011A1CB52A2F3CB80009781A /* Reviewgregator */,
				011A1CC52A2F3CBA0009781A /* ReviewgregatorTests */,
				011A1CCF2A2F3CBA0009781A /* ReviewgregatorUITests */,
			);
		};
/* End PBXProject section */

/* Begin PBXResourcesBuildPhase section */
		011A1CB42A2F3CB80009781A /* Resources */ = {
			isa = PBXResourcesBuildPhase;
			buildActionMask = 2147483647;
			files = (
				011A1CC12A2F3CBA0009781A /* Preview Assets.xcassets in Resources */,
				011A1CBE2A2F3CBA0009781A /* Assets.xcassets in Resources */,
			);
			runOnlyForDeploymentPostprocessing = 0;
		};
		011A1CC42A2F3CBA0009781A /* Resources */ = {
			isa = PBXResourcesBuildPhase;
			buildActionMask = 2147483647;
			files = (
			);
			runOnlyForDeploymentPostprocessing = 0;
		};
		011A1CCE2A2F3CBA0009781A /* Resources */ = {
			isa = PBXResourcesBuildPhase;
			buildActionMask = 2147483647;
			files = (
			);
			runOnlyForDeploymentPostprocessing = 0;
		};
/* End PBXResourcesBuildPhase section */

/* Begin PBXSourcesBuildPhase section */
		011A1CB22A2F3CB80009781A /* Sources */ = {
			isa = PBXSourcesBuildPhase;
			buildActionMask = 2147483647;
			files = (
				011A1CEC2A304D540009781A /* RestaurantSearchViewModel.swift in Sources */,
				011A1CE62A304B0C0009781A /* RestaurantDetailView.swift in Sources */,
				011A1CBC2A2F3CB80009781A /* RestaurantSearchView.swift in Sources */,
				01F2C60E2A37869E0083A68D /* StartScreenView.swift in Sources */,
				011A1CEA2A304CAF0009781A /* RestaurantRow.swift in Sources */,
				011A1CE82A304B920009781A /* SearchBar.swift in Sources */,
				011A1CE42A3044880009781A /* GooglePlacesService.swift in Sources */,
				011A1CBA2A2F3CB80009781A /* ReviewgregatorApp.swift in Sources */,
				011A1CEE2A3220740009781A /* YelpService.swift in Sources */,
			);
			runOnlyForDeploymentPostprocessing = 0;
		};
		011A1CC22A2F3CBA0009781A /* Sources */ = {
			isa = PBXSourcesBuildPhase;
			buildActionMask = 2147483647;
			files = (
				011A1CCB2A2F3CBA0009781A /* ReviewgregatorTests.swift in Sources */,
			);
			runOnlyForDeploymentPostprocessing = 0;
		};
		011A1CCC2A2F3CBA0009781A /* Sources */ = {
			isa = PBXSourcesBuildPhase;
			buildActionMask = 2147483647;
			files = (
				011A1CD52A2F3CBA0009781A /* ReviewgregatorUITests.swift in Sources */,
				011A1CD72A2F3CBA0009781A /* ReviewgregatorUITestsLaunchTests.swift in Sources */,
			);
			runOnlyForDeploymentPostprocessing = 0;
		};
/* End PBXSourcesBuildPhase section */

/* Begin PBXTargetDependency section */
		011A1CC82A2F3CBA0009781A /* PBXTargetDependency */ = {
			isa = PBXTargetDependency;
			target = 011A1CB52A2F3CB80009781A /* Reviewgregator */;
			targetProxy = 011A1CC72A2F3CBA0009781A /* PBXContainerItemProxy */;
		};
		011A1CD22A2F3CBA0009781A /* PBXTargetDependency */ = {
			isa = PBXTargetDependency;
			target = 011A1CB52A2F3CB80009781A /* Reviewgregator */;
			targetProxy = 011A1CD12A2F3CBA0009781A /* PBXContainerItemProxy */;
		};
/* End PBXTargetDependency section */

/* Begin XCBuildConfiguration section */
		011A1CD82A2F3CBA0009781A /* Debug */ = {
			isa = XCBuildConfiguration;
			buildSettings = {
				ALWAYS_SEARCH_USER_PATHS = NO;
				CLANG_ANALYZER_NONNULL = YES;
				CLANG_ANALYZER_NUMBER_OBJECT_CONVERSION = YES_AGGRESSIVE;
				CLANG_CXX_LANGUAGE_STANDARD = "gnu++20";
				CLANG_ENABLE_MODULES = YES;
				CLANG_ENABLE_OBJC_ARC = YES;
				CLANG_ENABLE_OBJC_WEAK = YES;
				CLANG_WARN_BLOCK_CAPTURE_AUTORELEASING = YES;
				CLANG_WARN_BOOL_CONVERSION = YES;
				CLANG_WARN_COMMA = YES;
				CLANG_WARN_CONSTANT_CONVERSION = YES;
				CLANG_WARN_DEPRECATED_OBJC_IMPLEMENTATIONS = YES;
				CLANG_WARN_DIRECT_OBJC_ISA_USAGE = YES_ERROR;
				CLANG_WARN_DOCUMENTATION_COMMENTS = YES;
				CLANG_WARN_EMPTY_BODY = YES;
				CLANG_WARN_ENUM_CONVERSION = YES;
				CLANG_WARN_INFINITE_RECURSION = YES;
				CLANG_WARN_INT_CONVERSION = YES;
				CLANG_WARN_NON_LITERAL_NULL_CONVERSION = YES;
				CLANG_WARN_OBJC_IMPLICIT_RETAIN_SELF = YES;
				CLANG_WARN_OBJC_LITERAL_CONVERSION = YES;
				CLANG_WARN_OBJC_ROOT_CLASS = YES_ERROR;
				CLANG_WARN_QUOTED_INCLUDE_IN_FRAMEWORK_HEADER = YES;
				CLANG_WARN_RANGE_LOOP_ANALYSIS = YES;
				CLANG_WARN_STRICT_PROTOTYPES = YES;
				CLANG_WARN_SUSPICIOUS_MOVE = YES;
				CLANG_WARN_UNGUARDED_AVAILABILITY = YES_AGGRESSIVE;
				CLANG_WARN_UNREACHABLE_CODE = YES;
				CLANG_WARN__DUPLICATE_METHOD_MATCH = YES;
				COPY_PHASE_STRIP = NO;
				DEBUG_INFORMATION_FORMAT = dwarf;
				ENABLE_STRICT_OBJC_MSGSEND = YES;
				ENABLE_TESTABILITY = YES;
				GCC_C_LANGUAGE_STANDARD = gnu11;
				GCC_DYNAMIC_NO_PIC = NO;
				GCC_NO_COMMON_BLOCKS = YES;
				GCC_OPTIMIZATION_LEVEL = 0;
				GCC_PREPROCESSOR_DEFINITIONS = (
					"DEBUG=1",
					"$(inherited)",
				);
				GCC_WARN_64_TO_32_BIT_CONVERSION = YES;
				GCC_WARN_ABOUT_RETURN_TYPE = YES_ERROR;
				GCC_WARN_UNDECLARED_SELECTOR = YES;
				GCC_WARN_UNINITIALIZED_AUTOS = YES_AGGRESSIVE;
				GCC_WARN_UNUSED_FUNCTION = YES;
				GCC_WARN_UNUSED_VARIABLE = YES;
				IPHONEOS_DEPLOYMENT_TARGET = 16.4;
				MTL_ENABLE_DEBUG_INFO = INCLUDE_SOURCE;
				MTL_FAST_MATH = YES;
				ONLY_ACTIVE_ARCH = YES;
				SDKROOT = iphoneos;
				SWIFT_ACTIVE_COMPILATION_CONDITIONS = DEBUG;
				SWIFT_OPTIMIZATION_LEVEL = "-Onone";
			};
			name = Debug;
		};
		011A1CD92A2F3CBA0009781A /* Release */ = {
			isa = XCBuildConfiguration;
			buildSettings = {
				ALWAYS_SEARCH_USER_PATHS = NO;
				CLANG_ANALYZER_NONNULL = YES;
				CLANG_ANALYZER_NUMBER_OBJECT_CONVERSION = YES_AGGRESSIVE;
				CLANG_CXX_LANGUAGE_STANDARD = "gnu++20";
				CLANG_ENABLE_MODULES = YES;
				CLANG_ENABLE_OBJC_ARC = YES;
				CLANG_ENABLE_OBJC_WEAK = YES;
				CLANG_WARN_BLOCK_CAPTURE_AUTORELEASING = YES;
				CLANG_WARN_BOOL_CONVERSION = YES;
				CLANG_WARN_COMMA = YES;
				CLANG_WARN_CONSTANT_CONVERSION = YES;
				CLANG_WARN_DEPRECATED_OBJC_IMPLEMENTATIONS = YES;
				CLANG_WARN_DIRECT_OBJC_ISA_USAGE = YES_ERROR;
				CLANG_WARN_DOCUMENTATION_COMMENTS = YES;
				CLANG_WARN_EMPTY_BODY = YES;
				CLANG_WARN_ENUM_CONVERSION = YES;
				CLANG_WARN_INFINITE_RECURSION = YES;
				CLANG_WARN_INT_CONVERSION = YES;
				CLANG_WARN_NON_LITERAL_NULL_CONVERSION = YES;
				CLANG_WARN_OBJC_IMPLICIT_RETAIN_SELF = YES;
				CLANG_WARN_OBJC_LITERAL_CONVERSION = YES;
				CLANG_WARN_OBJC_ROOT_CLASS = YES_ERROR;
				CLANG_WARN_QUOTED_INCLUDE_IN_FRAMEWORK_HEADER = YES;
				CLANG_WARN_RANGE_LOOP_ANALYSIS = YES;
				CLANG_WARN_STRICT_PROTOTYPES = YES;
				CLANG_WARN_SUSPICIOUS_MOVE = YES;
				CLANG_WARN_UNGUARDED_AVAILABILITY = YES_AGGRESSIVE;
				CLANG_WARN_UNREACHABLE_CODE = YES;
				CLANG_WARN__DUPLICATE_METHOD_MATCH = YES;
				COPY_PHASE_STRIP = NO;
				DEBUG_INFORMATION_FORMAT = "dwarf-with-dsym";
				ENABLE_NS_ASSERTIONS = NO;
				ENABLE_STRICT_OBJC_MSGSEND = YES;
				GCC_C_LANGUAGE_STANDARD = gnu11;
				GCC_NO_COMMON_BLOCKS = YES;
				GCC_WARN_64_TO_32_BIT_CONVERSION = YES;
				GCC_WARN_ABOUT_RETURN_TYPE = YES_ERROR;
				GCC_WARN_UNDECLARED_SELECTOR = YES;
				GCC_WARN_UNINITIALIZED_AUTOS = YES_AGGRESSIVE;
				GCC_WARN_UNUSED_FUNCTION = YES;
				GCC_WARN_UNUSED_VARIABLE = YES;
				IPHONEOS_DEPLOYMENT_TARGET = 16.4;
				MTL_ENABLE_DEBUG_INFO = NO;
				MTL_FAST_MATH = YES;
				SDKROOT = iphoneos;
				SWIFT_COMPILATION_MODE = wholemodule;
				SWIFT_OPTIMIZATION_LEVEL = "-O";
				VALIDATE_PRODUCT = YES;
			};
			name = Release;
		};
		011A1CDB2A2F3CBA0009781A /* Debug */ = {
			isa = XCBuildConfiguration;
			buildSettings = {
				ASSETCATALOG_COMPILER_APPICON_NAME = AppIcon;
				ASSETCATALOG_COMPILER_GLOBAL_ACCENT_COLOR_NAME = AccentColor;
				CODE_SIGN_STYLE = Automatic;
				CURRENT_PROJECT_VERSION = 1;
				DEVELOPMENT_ASSET_PATHS = "\"Reviewgregator/Preview Content\"";
				ENABLE_PREVIEWS = YES;
				GENERATE_INFOPLIST_FILE = YES;
				INFOPLIST_KEY_NSLocationAlwaysAndWhenInUseUsageDescription = "\"We need your location to find restaurants near you\"";
				INFOPLIST_KEY_NSLocationWhenInUseUsageDescription = "\"We need your location to find restaurants near you\"";
				INFOPLIST_KEY_UIApplicationSceneManifest_Generation = YES;
				INFOPLIST_KEY_UIApplicationSupportsIndirectInputEvents = YES;
				INFOPLIST_KEY_UILaunchScreen_Generation = YES;
				INFOPLIST_KEY_UISupportedInterfaceOrientations_iPad = "UIInterfaceOrientationPortrait UIInterfaceOrientationPortraitUpsideDown UIInterfaceOrientationLandscapeLeft UIInterfaceOrientationLandscapeRight";
				INFOPLIST_KEY_UISupportedInterfaceOrientations_iPhone = "UIInterfaceOrientationPortrait UIInterfaceOrientationLandscapeLeft UIInterfaceOrientationLandscapeRight";
				LD_RUNPATH_SEARCH_PATHS = (
					"$(inherited)",
					"@executable_path/Frameworks",
				);
				MARKETING_VERSION = 1.0;
				PRODUCT_BUNDLE_IDENTIFIER = CJKey.Reviewgregator;
				PRODUCT_NAME = "$(TARGET_NAME)";
				SWIFT_EMIT_LOC_STRINGS = YES;
				SWIFT_VERSION = 5.0;
				TARGETED_DEVICE_FAMILY = "1,2";
			};
			name = Debug;
		};
		011A1CDC2A2F3CBA0009781A /* Release */ = {
			isa = XCBuildConfiguration;
			buildSettings = {
				ASSETCATALOG_COMPILER_APPICON_NAME = AppIcon;
				ASSETCATALOG_COMPILER_GLOBAL_ACCENT_COLOR_NAME = AccentColor;
				CODE_SIGN_STYLE = Automatic;
				CURRENT_PROJECT_VERSION = 1;
				DEVELOPMENT_ASSET_PATHS = "\"Reviewgregator/Preview Content\"";
				ENABLE_PREVIEWS = YES;
				GENERATE_INFOPLIST_FILE = YES;
				INFOPLIST_KEY_NSLocationAlwaysAndWhenInUseUsageDescription = "\"We need your location to find restaurants near you\"";
				INFOPLIST_KEY_NSLocationWhenInUseUsageDescription = "\"We need your location to find restaurants near you\"";
				INFOPLIST_KEY_UIApplicationSceneManifest_Generation = YES;
				INFOPLIST_KEY_UIApplicationSupportsIndirectInputEvents = YES;
				INFOPLIST_KEY_UILaunchScreen_Generation = YES;
				INFOPLIST_KEY_UISupportedInterfaceOrientations_iPad = "UIInterfaceOrientationPortrait UIInterfaceOrientationPortraitUpsideDown UIInterfaceOrientationLandscapeLeft UIInterfaceOrientationLandscapeRight";
				INFOPLIST_KEY_UISupportedInterfaceOrientations_iPhone = "UIInterfaceOrientationPortrait UIInterfaceOrientationLandscapeLeft UIInterfaceOrientationLandscapeRight";
				LD_RUNPATH_SEARCH_PATHS = (
					"$(inherited)",
					"@executable_path/Frameworks",
				);
				MARKETING_VERSION = 1.0;
				PRODUCT_BUNDLE_IDENTIFIER = CJKey.Reviewgregator;
				PRODUCT_NAME = "$(TARGET_NAME)";
				SWIFT_EMIT_LOC_STRINGS = YES;
				SWIFT_VERSION = 5.0;
				TARGETED_DEVICE_FAMILY = "1,2";
			};
			name = Release;
		};
		011A1CDE2A2F3CBA0009781A /* Debug */ = {
			isa = XCBuildConfiguration;
			buildSettings = {
				ALWAYS_EMBED_SWIFT_STANDARD_LIBRARIES = YES;
				BUNDLE_LOADER = "$(TEST_HOST)";
				CODE_SIGN_STYLE = Automatic;
				CURRENT_PROJECT_VERSION = 1;
				GENERATE_INFOPLIST_FILE = YES;
				IPHONEOS_DEPLOYMENT_TARGET = 16.4;
				MARKETING_VERSION = 1.0;
				PRODUCT_BUNDLE_IDENTIFIER = CJKey.ReviewgregatorTests;
				PRODUCT_NAME = "$(TARGET_NAME)";
				SWIFT_EMIT_LOC_STRINGS = NO;
				SWIFT_VERSION = 5.0;
				TARGETED_DEVICE_FAMILY = "1,2";
				TEST_HOST = "$(BUILT_PRODUCTS_DIR)/Reviewgregator.app/$(BUNDLE_EXECUTABLE_FOLDER_PATH)/Reviewgregator";
			};
			name = Debug;
		};
		011A1CDF2A2F3CBA0009781A /* Release */ = {
			isa = XCBuildConfiguration;
			buildSettings = {
				ALWAYS_EMBED_SWIFT_STANDARD_LIBRARIES = YES;
				BUNDLE_LOADER = "$(TEST_HOST)";
				CODE_SIGN_STYLE = Automatic;
				CURRENT_PROJECT_VERSION = 1;
				GENERATE_INFOPLIST_FILE = YES;
				IPHONEOS_DEPLOYMENT_TARGET = 16.4;
				MARKETING_VERSION = 1.0;
				PRODUCT_BUNDLE_IDENTIFIER = CJKey.ReviewgregatorTests;
				PRODUCT_NAME = "$(TARGET_NAME)";
				SWIFT_EMIT_LOC_STRINGS = NO;
				SWIFT_VERSION = 5.0;
				TARGETED_DEVICE_FAMILY = "1,2";
				TEST_HOST = "$(BUILT_PRODUCTS_DIR)/Reviewgregator.app/$(BUNDLE_EXECUTABLE_FOLDER_PATH)/Reviewgregator";
			};
			name = Release;
		};
		011A1CE12A2F3CBA0009781A /* Debug */ = {
			isa = XCBuildConfiguration;
			buildSettings = {
				ALWAYS_EMBED_SWIFT_STANDARD_LIBRARIES = YES;
				CODE_SIGN_STYLE = Automatic;
				CURRENT_PROJECT_VERSION = 1;
				GENERATE_INFOPLIST_FILE = YES;
				MARKETING_VERSION = 1.0;
				PRODUCT_BUNDLE_IDENTIFIER = CJKey.ReviewgregatorUITests;
				PRODUCT_NAME = "$(TARGET_NAME)";
				SWIFT_EMIT_LOC_STRINGS = NO;
				SWIFT_VERSION = 5.0;
				TARGETED_DEVICE_FAMILY = "1,2";
				TEST_TARGET_NAME = Reviewgregator;
			};
			name = Debug;
		};
		011A1CE22A2F3CBA0009781A /* Release */ = {
			isa = XCBuildConfiguration;
			buildSettings = {
				ALWAYS_EMBED_SWIFT_STANDARD_LIBRARIES = YES;
				CODE_SIGN_STYLE = Automatic;
				CURRENT_PROJECT_VERSION = 1;
				GENERATE_INFOPLIST_FILE = YES;
				MARKETING_VERSION = 1.0;
				PRODUCT_BUNDLE_IDENTIFIER = CJKey.ReviewgregatorUITests;
				PRODUCT_NAME = "$(TARGET_NAME)";
				SWIFT_EMIT_LOC_STRINGS = NO;
				SWIFT_VERSION = 5.0;
				TARGETED_DEVICE_FAMILY = "1,2";
				TEST_TARGET_NAME = Reviewgregator;
			};
			name = Release;
		};
/* End XCBuildConfiguration section */

/* Begin XCConfigurationList section */
		011A1CB12A2F3CB80009781A /* Build configuration list for PBXProject "TESTReviewgregator" */ = {
			isa = XCConfigurationList;
			buildConfigurations = (
				011A1CD82A2F3CBA0009781A /* Debug */,
				011A1CD92A2F3CBA0009781A /* Release */,
			);
			defaultConfigurationIsVisible = 0;
			defaultConfigurationName = Release;
		};
		011A1CDA2A2F3CBA0009781A /* Build configuration list for PBXNativeTarget "Reviewgregator" */ = {
			isa = XCConfigurationList;
			buildConfigurations = (
				011A1CDB2A2F3CBA0009781A /* Debug */,
				011A1CDC2A2F3CBA0009781A /* Release */,
			);
			defaultConfigurationIsVisible = 0;
			defaultConfigurationName = Release;
		};
		011A1CDD2A2F3CBA0009781A /* Build configuration list for PBXNativeTarget "ReviewgregatorTests" */ = {
			isa = XCConfigurationList;
			buildConfigurations = (
				011A1CDE2A2F3CBA0009781A /* Debug */,
				011A1CDF2A2F3CBA0009781A /* Release */,
			);
			defaultConfigurationIsVisible = 0;
			defaultConfigurationName = Release;
		};
		011A1CE02A2F3CBA0009781A /* Build configuration list for PBXNativeTarget "ReviewgregatorUITests" */ = {
			isa = XCConfigurationList;
			buildConfigurations = (
				011A1CE12A2F3CBA0009781A /* Debug */,
				011A1CE22A2F3CBA0009781A /* Release */,
			);
			defaultConfigurationIsVisible = 0;
			defaultConfigurationName = Release;
		};
/* End XCConfigurationList section */
	};
	rootObject = 011A1CAE2A2F3CB80009781A /* Project object */;
}
